
Microsoft Visual Studio Solution File, Format Version 12.00
# Visual Studio Version 16
VisualStudioVersion = 16.0.30413.136
MinimumVisualStudioVersion = 10.0.40219.1
Project("{9A19103F-16F7-4668-BE54-9A1E7A4F7556}") = "Moula.Payment.GateWay", "Moula.Payment.GateWay\Moula.Payment.GateWay.csproj", "{5AE3282C-417D-4447-B24A-ECAC19070005}"
EndProject
Project("{9A19103F-16F7-4668-BE54-9A1E7A4F7556}") = "Moula.Payment.Domain", "Moula.Payment.Domain\Moula.Payment.Domain.csproj", "{8A50AB1A-F414-4A2D-A06B-92AC75B72161}"
EndProject
Project("{9A19103F-16F7-4668-BE54-9A1E7A4F7556}") = "Moula.Payment.Infrastructure", "Moula.Payment.Infrastructure\Moula.Payment.Infrastructure.csproj", "{443780DD-9506-4AE5-9282-772C7AC5694C}"
EndProject
Project("{FAE04EC0-301F-11D3-BF4B-00C04F79EFBC}") = "Moula.Payment.Test", "Moula.Payment.Test\Moula.Payment.Test.csproj", "{CE2872B7-EF94-4459-BD67-1C6B10E3907F}"
EndProject
Global
	GlobalSection(SolutionConfigurationPlatforms) = preSolution
		Debug|Any CPU = Debug|Any CPU
		Release|Any CPU = Release|Any CPU
	EndGlobalSection
	GlobalSection(ProjectConfigurationPlatforms) = postSolution
		{5AE3282C-417D-4447-B24A-ECAC19070005}.Debug|Any CPU.ActiveCfg = Debug|Any CPU
		{5AE3282C-417D-4447-B24A-ECAC19070005}.Debug|Any CPU.Build.0 = Debug|Any CPU
		{5AE3282C-417D-4447-B24A-ECAC19070005}.Release|Any CPU.ActiveCfg = Release|Any CPU
		{5AE3282C-417D-4447-B24A-ECAC19070005}.Release|Any CPU.Build.0 = Release|Any CPU
		{8A50AB1A-F414-4A2D-A06B-92AC75B72161}.Debug|Any CPU.ActiveCfg = Debug|Any CPU
		{8A50AB1A-F414-4A2D-A06B-92AC75B72161}.Debug|Any CPU.Build.0 = Debug|Any CPU
		{8A50AB1A-F414-4A2D-A06B-92AC75B72161}.Release|Any CPU.ActiveCfg = Release|Any CPU
		{8A50AB1A-F414-4A2D-A06B-92AC75B72161}.Release|Any CPU.Build.0 = Release|Any CPU
		{443780DD-9506-4AE5-9282-772C7AC5694C}.Debug|Any CPU.ActiveCfg = Debug|Any CPU
		{443780DD-9506-4AE5-9282-772C7AC5694C}.Debug|Any CPU.Build.0 = Debug|Any CPU
		{443780DD-9506-4AE5-9282-772C7AC5694C}.Release|Any CPU.ActiveCfg = Release|Any CPU
		{443780DD-9506-4AE5-9282-772C7AC5694C}.Release|Any CPU.Build.0 = Release|Any CPU
		{CE2872B7-EF94-4459-BD67-1C6B10E3907F}.Debug|Any CPU.ActiveCfg = Debug|Any CPU
		{CE2872B7-EF94-4459-BD67-1C6B10E3907F}.Debug|Any CPU.Build.0 = Debug|Any CPU
		{CE2872B7-EF94-4459-BD67-1C6B10E3907F}.Release|Any CPU.ActiveCfg = Release|Any CPU
		{CE2872B7-EF94-4459-BD67-1C6B10E3907F}.Release|Any CPU.Build.0 = Release|Any CPU
	EndGlobalSection
	GlobalSection(SolutionProperties) = preSolution
		HideSolutionNode = FALSE
	EndGlobalSection
	GlobalSection(ExtensibilityGlobals) = postSolution
		SolutionGuid = {AEEB2B56-0409-4791-A57C-67700C09E3D6}
	EndGlobalSection
EndGlobal
